// !$*UTF8*$!
{
	archiveVersion = 1;
	classes = {
	};
	objectVersion = 46;
	objects = {

/* Begin PBXBuildFile section */
		0019E82067DF52C8B4CC85D8 /* Pods_HealthyHarvest.framework in Frameworks */ = {isa = PBXBuildFile; fileRef = FF650114685FDF0077CDB8BC /* Pods_HealthyHarvest.framework */; };
		A10E524D2024CC590084B744 /* Search.storyboard in Resources */ = {isa = PBXBuildFile; fileRef = A10E524B2024CC590084B744 /* Search.storyboard */; };
		A10E524F2024CC820084B744 /* Events.storyboard in Resources */ = {isa = PBXBuildFile; fileRef = A10E524E2024CC820084B744 /* Events.storyboard */; };
		A10E52522024CCAB0084B744 /* List.storyboard in Resources */ = {isa = PBXBuildFile; fileRef = A10E52502024CCAB0084B744 /* List.storyboard */; };
		A10E52542024F8F30084B744 /* ListViewController.swift in Sources */ = {isa = PBXBuildFile; fileRef = A10E52532024F8F30084B744 /* ListViewController.swift */; };
		A10E52562024FFAE0084B744 /* CoreDataHelper.swift in Sources */ = {isa = PBXBuildFile; fileRef = A10E52552024FFAE0084B744 /* CoreDataHelper.swift */; };
		A10E525820267E370084B744 /* ListTableCell.swift in Sources */ = {isa = PBXBuildFile; fileRef = A10E525720267E370084B744 /* ListTableCell.swift */; };
		A16BFBF32003D744004317C5 /* AppDelegate.swift in Sources */ = {isa = PBXBuildFile; fileRef = A16BFBF22003D744004317C5 /* AppDelegate.swift */; };
		A16BFBF52003D744004317C5 /* ViewController.swift in Sources */ = {isa = PBXBuildFile; fileRef = A16BFBF42003D744004317C5 /* ViewController.swift */; };
		A16BFBF82003D744004317C5 /* Main.storyboard in Resources */ = {isa = PBXBuildFile; fileRef = A16BFBF62003D744004317C5 /* Main.storyboard */; };
		A16BFBFB2003D744004317C5 /* HealthyHarvest.xcdatamodeld in Sources */ = {isa = PBXBuildFile; fileRef = A16BFBF92003D744004317C5 /* HealthyHarvest.xcdatamodeld */; };
		A16BFBFD2003D744004317C5 /* Assets.xcassets in Resources */ = {isa = PBXBuildFile; fileRef = A16BFBFC2003D744004317C5 /* Assets.xcassets */; };
		A16BFC002003D744004317C5 /* LaunchScreen.storyboard in Resources */ = {isa = PBXBuildFile; fileRef = A16BFBFE2003D744004317C5 /* LaunchScreen.storyboard */; };
/* End PBXBuildFile section */

/* Begin PBXFileReference section */
		37491D21151E13A58E42A0CD /* Pods-HealthyHarvest.release.xcconfig */ = {isa = PBXFileReference; includeInIndex = 1; lastKnownFileType = text.xcconfig; name = "Pods-HealthyHarvest.release.xcconfig"; path = "Pods/Target Support Files/Pods-HealthyHarvest/Pods-HealthyHarvest.release.xcconfig"; sourceTree = "<group>"; };
		A10E524C2024CC590084B744 /* Base */ = {isa = PBXFileReference; lastKnownFileType = file.storyboard; name = Base; path = Base.lproj/Search.storyboard; sourceTree = "<group>"; };
		A10E524E2024CC820084B744 /* Events.storyboard */ = {isa = PBXFileReference; fileEncoding = 4; lastKnownFileType = file.storyboard; path = Events.storyboard; sourceTree = "<group>"; };
		A10E52512024CCAB0084B744 /* Base */ = {isa = PBXFileReference; lastKnownFileType = file.storyboard; name = Base; path = Base.lproj/List.storyboard; sourceTree = "<group>"; };
		A10E52532024F8F30084B744 /* ListViewController.swift */ = {isa = PBXFileReference; fileEncoding = 4; lastKnownFileType = sourcecode.swift; path = ListViewController.swift; sourceTree = "<group>"; };
		A10E52552024FFAE0084B744 /* CoreDataHelper.swift */ = {isa = PBXFileReference; fileEncoding = 4; lastKnownFileType = sourcecode.swift; path = CoreDataHelper.swift; sourceTree = "<group>"; };
		A10E525720267E370084B744 /* ListTableCell.swift */ = {isa = PBXFileReference; fileEncoding = 4; lastKnownFileType = sourcecode.swift; path = ListTableCell.swift; sourceTree = "<group>"; };
		A16BFBEF2003D744004317C5 /* HealthyHarvest.app */ = {isa = PBXFileReference; explicitFileType = wrapper.application; includeInIndex = 0; path = HealthyHarvest.app; sourceTree = BUILT_PRODUCTS_DIR; };
		A16BFBF22003D744004317C5 /* AppDelegate.swift */ = {isa = PBXFileReference; lastKnownFileType = sourcecode.swift; path = AppDelegate.swift; sourceTree = "<group>"; };
		A16BFBF42003D744004317C5 /* ViewController.swift */ = {isa = PBXFileReference; lastKnownFileType = sourcecode.swift; path = ViewController.swift; sourceTree = "<group>"; };
		A16BFBF72003D744004317C5 /* Base */ = {isa = PBXFileReference; lastKnownFileType = file.storyboard; name = Base; path = Base.lproj/Main.storyboard; sourceTree = "<group>"; };
		A16BFBFA2003D744004317C5 /* HealthyHarvest.xcdatamodel */ = {isa = PBXFileReference; lastKnownFileType = wrapper.xcdatamodel; path = HealthyHarvest.xcdatamodel; sourceTree = "<group>"; };
		A16BFBFC2003D744004317C5 /* Assets.xcassets */ = {isa = PBXFileReference; lastKnownFileType = folder.assetcatalog; path = Assets.xcassets; sourceTree = "<group>"; };
		A16BFBFF2003D744004317C5 /* Base */ = {isa = PBXFileReference; lastKnownFileType = file.storyboard; name = Base; path = Base.lproj/LaunchScreen.storyboard; sourceTree = "<group>"; };
		A16BFC012003D744004317C5 /* Info.plist */ = {isa = PBXFileReference; lastKnownFileType = text.plist.xml; path = Info.plist; sourceTree = "<group>"; };
		D481C741BBAE4F730CEC4A07 /* Pods-HealthyHarvest.debug.xcconfig */ = {isa = PBXFileReference; includeInIndex = 1; lastKnownFileType = text.xcconfig; name = "Pods-HealthyHarvest.debug.xcconfig"; path = "Pods/Target Support Files/Pods-HealthyHarvest/Pods-HealthyHarvest.debug.xcconfig"; sourceTree = "<group>"; };
		FF650114685FDF0077CDB8BC /* Pods_HealthyHarvest.framework */ = {isa = PBXFileReference; explicitFileType = wrapper.framework; includeInIndex = 0; path = Pods_HealthyHarvest.framework; sourceTree = BUILT_PRODUCTS_DIR; };
/* End PBXFileReference section */

/* Begin PBXFrameworksBuildPhase section */
		A16BFBEC2003D744004317C5 /* Frameworks */ = {
			isa = PBXFrameworksBuildPhase;
			buildActionMask = 2147483647;
			files = (
				0019E82067DF52C8B4CC85D8 /* Pods_HealthyHarvest.framework in Frameworks */,
			);
			runOnlyForDeploymentPostprocessing = 0;
		};
/* End PBXFrameworksBuildPhase section */

/* Begin PBXGroup section */
		58FBD0B45896FE05071A5B28 /* Pods */ = {
			isa = PBXGroup;
			children = (
				D481C741BBAE4F730CEC4A07 /* Pods-HealthyHarvest.debug.xcconfig */,
				37491D21151E13A58E42A0CD /* Pods-HealthyHarvest.release.xcconfig */,
			);
			name = Pods;
			sourceTree = "<group>";
		};
		A16BFBE62003D743004317C5 = {
			isa = PBXGroup;
			children = (
				A16BFBF12003D744004317C5 /* HealthyHarvest */,
				A16BFBF02003D744004317C5 /* Products */,
				58FBD0B45896FE05071A5B28 /* Pods */,
				E19021210749F442622C2717 /* Frameworks */,
			);
			sourceTree = "<group>";
		};
		A16BFBF02003D744004317C5 /* Products */ = {
			isa = PBXGroup;
			children = (
				A16BFBEF2003D744004317C5 /* HealthyHarvest.app */,
			);
			name = Products;
			sourceTree = "<group>";
		};
		A16BFBF12003D744004317C5 /* HealthyHarvest */ = {
			isa = PBXGroup;
			children = (
				A16BFBF22003D744004317C5 /* AppDelegate.swift */,
				A16BFBF42003D744004317C5 /* ViewController.swift */,
				A16BFBF62003D744004317C5 /* Main.storyboard */,
				A10E52502024CCAB0084B744 /* List.storyboard */,
				A10E524E2024CC820084B744 /* Events.storyboard */,
				A10E524B2024CC590084B744 /* Search.storyboard */,
				A10E52532024F8F30084B744 /* ListViewController.swift */,
				A10E525720267E370084B744 /* ListTableCell.swift */,
				A10E52552024FFAE0084B744 /* CoreDataHelper.swift */,
				A16BFBFC2003D744004317C5 /* Assets.xcassets */,
				A16BFBFE2003D744004317C5 /* LaunchScreen.storyboard */,
				A16BFC012003D744004317C5 /* Info.plist */,
				A16BFBF92003D744004317C5 /* HealthyHarvest.xcdatamodeld */,
			);
			path = HealthyHarvest;
			sourceTree = "<group>";
		};
		E19021210749F442622C2717 /* Frameworks */ = {
			isa = PBXGroup;
			children = (
				FF650114685FDF0077CDB8BC /* Pods_HealthyHarvest.framework */,
			);
			name = Frameworks;
			sourceTree = "<group>";
		};
/* End PBXGroup section */

/* Begin PBXNativeTarget section */
		A16BFBEE2003D744004317C5 /* HealthyHarvest */ = {
			isa = PBXNativeTarget;
			buildConfigurationList = A16BFC042003D744004317C5 /* Build configuration list for PBXNativeTarget "HealthyHarvest" */;
			buildPhases = (
				0BB10BF5BE81985034933A51 /* [CP] Check Pods Manifest.lock */,
				A16BFBEB2003D744004317C5 /* Sources */,
				A16BFBEC2003D744004317C5 /* Frameworks */,
				A16BFBED2003D744004317C5 /* Resources */,
				D666463E07953AEE9C671663 /* [CP] Embed Pods Frameworks */,
				947705AFE0E013401BE437EC /* [CP] Copy Pods Resources */,
			);
			buildRules = (
			);
			dependencies = (
			);
			name = HealthyHarvest;
			productName = HealthyHarvest;
			productReference = A16BFBEF2003D744004317C5 /* HealthyHarvest.app */;
			productType = "com.apple.product-type.application";
		};
/* End PBXNativeTarget section */

/* Begin PBXProject section */
		A16BFBE72003D743004317C5 /* Project object */ = {
			isa = PBXProject;
			attributes = {
				LastSwiftUpdateCheck = 0830;
				LastUpgradeCheck = 0830;
				ORGANIZATIONNAME = "Emily Chin";
				TargetAttributes = {
					A16BFBEE2003D744004317C5 = {
						CreatedOnToolsVersion = 8.3.3;
						ProvisioningStyle = Automatic;
					};
				};
			};
			buildConfigurationList = A16BFBEA2003D743004317C5 /* Build configuration list for PBXProject "HealthyHarvest" */;
			compatibilityVersion = "Xcode 3.2";
			developmentRegion = English;
			hasScannedForEncodings = 0;
			knownRegions = (
				en,
				Base,
			);
			mainGroup = A16BFBE62003D743004317C5;
			productRefGroup = A16BFBF02003D744004317C5 /* Products */;
			projectDirPath = "";
			projectRoot = "";
			targets = (
				A16BFBEE2003D744004317C5 /* HealthyHarvest */,
			);
		};
/* End PBXProject section */

/* Begin PBXResourcesBuildPhase section */
		A16BFBED2003D744004317C5 /* Resources */ = {
			isa = PBXResourcesBuildPhase;
			buildActionMask = 2147483647;
			files = (
				A10E524F2024CC820084B744 /* Events.storyboard in Resources */,
				A16BFC002003D744004317C5 /* LaunchScreen.storyboard in Resources */,
				A16BFBFD2003D744004317C5 /* Assets.xcassets in Resources */,
				A10E52522024CCAB0084B744 /* List.storyboard in Resources */,
				A16BFBF82003D744004317C5 /* Main.storyboard in Resources */,
				A10E524D2024CC590084B744 /* Search.storyboard in Resources */,
			);
			runOnlyForDeploymentPostprocessing = 0;
		};
/* End PBXResourcesBuildPhase section */

/* Begin PBXShellScriptBuildPhase section */
		0BB10BF5BE81985034933A51 /* [CP] Check Pods Manifest.lock */ = {
			isa = PBXShellScriptBuildPhase;
			buildActionMask = 2147483647;
			files = (
			);
			inputPaths = (
				"${PODS_PODFILE_DIR_PATH}/Podfile.lock",
				"${PODS_ROOT}/Manifest.lock",
			);
			name = "[CP] Check Pods Manifest.lock";
			outputPaths = (
				"$(DERIVED_FILE_DIR)/Pods-HealthyHarvest-checkManifestLockResult.txt",
			);
			runOnlyForDeploymentPostprocessing = 0;
			shellPath = /bin/sh;
			shellScript = "diff \"${PODS_PODFILE_DIR_PATH}/Podfile.lock\" \"${PODS_ROOT}/Manifest.lock\" > /dev/null\nif [ $? != 0 ] ; then\n    # print error to STDERR\n    echo \"error: The sandbox is not in sync with the Podfile.lock. Run 'pod install' or update your CocoaPods installation.\" >&2\n    exit 1\nfi\n# This output is used by Xcode 'outputs' to avoid re-running this script phase.\necho \"SUCCESS\" > \"${SCRIPT_OUTPUT_FILE_0}\"\n";
			showEnvVarsInLog = 0;
		};
		947705AFE0E013401BE437EC /* [CP] Copy Pods Resources */ = {
			isa = PBXShellScriptBuildPhase;
			buildActionMask = 2147483647;
			files = (
			);
			inputPaths = (
				"${SRCROOT}/Pods/Target Support Files/Pods-HealthyHarvest/Pods-HealthyHarvest-resources.sh",
				$PODS_CONFIGURATION_BUILD_DIR/FirebaseUI/FirebaseAuthUI.bundle,
			);
			name = "[CP] Copy Pods Resources";
			outputPaths = (
				"${TARGET_BUILD_DIR}/${UNLOCALIZED_RESOURCES_FOLDER_PATH}",
			);
			runOnlyForDeploymentPostprocessing = 0;
			shellPath = /bin/sh;
			shellScript = "\"${SRCROOT}/Pods/Target Support Files/Pods-HealthyHarvest/Pods-HealthyHarvest-resources.sh\"\n";
			showEnvVarsInLog = 0;
		};
		D666463E07953AEE9C671663 /* [CP] Embed Pods Frameworks */ = {
			isa = PBXShellScriptBuildPhase;
			buildActionMask = 2147483647;
			files = (
			);
			inputPaths = (
				"${SRCROOT}/Pods/Target Support Files/Pods-HealthyHarvest/Pods-HealthyHarvest-frameworks.sh",
				"${BUILT_PRODUCTS_DIR}/GTMSessionFetcher/GTMSessionFetcher.framework",
				"${BUILT_PRODUCTS_DIR}/GoogleToolboxForMac/GoogleToolboxForMac.framework",
				"${BUILT_PRODUCTS_DIR}/leveldb-library/leveldb.framework",
				"${BUILT_PRODUCTS_DIR}/nanopb/nanopb.framework",
			);
			name = "[CP] Embed Pods Frameworks";
			outputPaths = (
				"${TARGET_BUILD_DIR}/${FRAMEWORKS_FOLDER_PATH}/GTMSessionFetcher.framework",
				"${TARGET_BUILD_DIR}/${FRAMEWORKS_FOLDER_PATH}/GoogleToolboxForMac.framework",
				"${TARGET_BUILD_DIR}/${FRAMEWORKS_FOLDER_PATH}/leveldb.framework",
				"${TARGET_BUILD_DIR}/${FRAMEWORKS_FOLDER_PATH}/nanopb.framework",
			);
			runOnlyForDeploymentPostprocessing = 0;
			shellPath = /bin/sh;
			shellScript = "\"${SRCROOT}/Pods/Target Support Files/Pods-HealthyHarvest/Pods-HealthyHarvest-frameworks.sh\"\n";
			showEnvVarsInLog = 0;
		};
/* End PBXShellScriptBuildPhase section */

/* Begin PBXSourcesBuildPhase section */
		A16BFBEB2003D744004317C5 /* Sources */ = {
			isa = PBXSourcesBuildPhase;
			buildActionMask = 2147483647;
			files = (
				A10E52562024FFAE0084B744 /* CoreDataHelper.swift in Sources */,
				A16BFBF52003D744004317C5 /* ViewController.swift in Sources */,
				A16BFBFB2003D744004317C5 /* HealthyHarvest.xcdatamodeld in Sources */,
				A10E52542024F8F30084B744 /* ListViewController.swift in Sources */,
				A10E525820267E370084B744 /* ListTableCell.swift in Sources */,
				A16BFBF32003D744004317C5 /* AppDelegate.swift in Sources */,
			);
			runOnlyForDeploymentPostprocessing = 0;
		};
/* End PBXSourcesBuildPhase section */

/* Begin PBXVariantGroup section */
		A10E524B2024CC590084B744 /* Search.storyboard */ = {
			isa = PBXVariantGroup;
			children = (
				A10E524C2024CC590084B744 /* Base */,
			);
			name = Search.storyboard;
			sourceTree = "<group>";
		};
		A10E52502024CCAB0084B744 /* List.storyboard */ = {
			isa = PBXVariantGroup;
			children = (
				A10E52512024CCAB0084B744 /* Base */,
			);
			name = List.storyboard;
			sourceTree = "<group>";
		};
		A16BFBF62003D744004317C5 /* Main.storyboard */ = {
			isa = PBXVariantGroup;
			children = (
				A16BFBF72003D744004317C5 /* Base */,
			);
			name = Main.storyboard;
			sourceTree = "<group>";
		};
		A16BFBFE2003D744004317C5 /* LaunchScreen.storyboard */ = {
			isa = PBXVariantGroup;
			children = (
				A16BFBFF2003D744004317C5 /* Base */,
			);
			name = LaunchScreen.storyboard;
			sourceTree = "<group>";
		};
/* End PBXVariantGroup section */

/* Begin XCBuildConfiguration section */
		A16BFC022003D744004317C5 /* Debug */ = {
			isa = XCBuildConfiguration;
			buildSettings = {
				ALWAYS_SEARCH_USER_PATHS = NO;
				CLANG_ANALYZER_NONNULL = YES;
				CLANG_ANALYZER_NUMBER_OBJECT_CONVERSION = YES_AGGRESSIVE;
				CLANG_CXX_LANGUAGE_STANDARD = "gnu++0x";
				CLANG_CXX_LIBRARY = "libc++";
				CLANG_ENABLE_MODULES = YES;
				CLANG_ENABLE_OBJC_ARC = YES;
				CLANG_WARN_BOOL_CONVERSION = YES;
				CLANG_WARN_CONSTANT_CONVERSION = YES;
				CLANG_WARN_DIRECT_OBJC_ISA_USAGE = YES_ERROR;
				CLANG_WARN_DOCUMENTATION_COMMENTS = YES;
				CLANG_WARN_EMPTY_BODY = YES;
				CLANG_WARN_ENUM_CONVERSION = YES;
				CLANG_WARN_INFINITE_RECURSION = YES;
				CLANG_WARN_INT_CONVERSION = YES;
				CLANG_WARN_OBJC_ROOT_CLASS = YES_ERROR;
				CLANG_WARN_SUSPICIOUS_MOVE = YES;
				CLANG_WARN_UNREACHABLE_CODE = YES;
				CLANG_WARN__DUPLICATE_METHOD_MATCH = YES;
				"CODE_SIGN_IDENTITY[sdk=iphoneos*]" = "iPhone Developer";
				COPY_PHASE_STRIP = NO;
				DEBUG_INFORMATION_FORMAT = dwarf;
				ENABLE_STRICT_OBJC_MSGSEND = YES;
				ENABLE_TESTABILITY = YES;
				GCC_C_LANGUAGE_STANDARD = gnu99;
				GCC_DYNAMIC_NO_PIC = NO;
				GCC_NO_COMMON_BLOCKS = YES;
				GCC_OPTIMIZATION_LEVEL = 0;
				GCC_PREPROCESSOR_DEFINITIONS = (
					"DEBUG=1",
					"$(inherited)",
				);
				GCC_WARN_64_TO_32_BIT_CONVERSION = YES;
				GCC_WARN_ABOUT_RETURN_TYPE = YES_ERROR;
				GCC_WARN_UNDECLARED_SELECTOR = YES;
				GCC_WARN_UNINITIALIZED_AUTOS = YES_AGGRESSIVE;
				GCC_WARN_UNUSED_FUNCTION = YES;
				GCC_WARN_UNUSED_VARIABLE = YES;
				IPHONEOS_DEPLOYMENT_TARGET = 10.3;
				MTL_ENABLE_DEBUG_INFO = YES;
				ONLY_ACTIVE_ARCH = YES;
				SDKROOT = iphoneos;
				SWIFT_ACTIVE_COMPILATION_CONDITIONS = DEBUG;
				SWIFT_OPTIMIZATION_LEVEL = "-Onone";
			};
			name = Debug;
		};
		A16BFC032003D744004317C5 /* Release */ = {
			isa = XCBuildConfiguration;
			buildSettings = {
				ALWAYS_SEARCH_USER_PATHS = NO;
				CLANG_ANALYZER_NONNULL = YES;
				CLANG_ANALYZER_NUMBER_OBJECT_CONVERSION = YES_AGGRESSIVE;
				CLANG_CXX_LANGUAGE_STANDARD = "gnu++0x";
				CLANG_CXX_LIBRARY = "libc++";
				CLANG_ENABLE_MODULES = YES;
				CLANG_ENABLE_OBJC_ARC = YES;
				CLANG_WARN_BOOL_CONVERSION = YES;
				CLANG_WARN_CONSTANT_CONVERSION = YES;
				CLANG_WARN_DIRECT_OBJC_ISA_USAGE = YES_ERROR;
				CLANG_WARN_DOCUMENTATION_COMMENTS = YES;
				CLANG_WARN_EMPTY_BODY = YES;
				CLANG_WARN_ENUM_CONVERSION = YES;
				CLANG_WARN_INFINITE_RECURSION = YES;
				CLANG_WARN_INT_CONVERSION = YES;
				CLANG_WARN_OBJC_ROOT_CLASS = YES_ERROR;
				CLANG_WARN_SUSPICIOUS_MOVE = YES;
				CLANG_WARN_UNREACHABLE_CODE = YES;
				CLANG_WARN__DUPLICATE_METHOD_MATCH = YES;
				"CODE_SIGN_IDENTITY[sdk=iphoneos*]" = "iPhone Developer";
				COPY_PHASE_STRIP = NO;
				DEBUG_INFORMATION_FORMAT = "dwarf-with-dsym";
				ENABLE_NS_ASSERTIONS = NO;
				ENABLE_STRICT_OBJC_MSGSEND = YES;
				GCC_C_LANGUAGE_STANDARD = gnu99;
				GCC_NO_COMMON_BLOCKS = YES;
				GCC_WARN_64_TO_32_BIT_CONVERSION = YES;
				GCC_WARN_ABOUT_RETURN_TYPE = YES_ERROR;
				GCC_WARN_UNDECLARED_SELECTOR = YES;
				GCC_WARN_UNINITIALIZED_AUTOS = YES_AGGRESSIVE;
				GCC_WARN_UNUSED_FUNCTION = YES;
				GCC_WARN_UNUSED_VARIABLE = YES;
				IPHONEOS_DEPLOYMENT_TARGET = 10.3;
				MTL_ENABLE_DEBUG_INFO = NO;
				SDKROOT = iphoneos;
				SWIFT_OPTIMIZATION_LEVEL = "-Owholemodule";
				VALIDATE_PRODUCT = YES;
			};
			name = Release;
		};
		A16BFC052003D744004317C5 /* Debug */ = {
			isa = XCBuildConfiguration;
			baseConfigurationReference = D481C741BBAE4F730CEC4A07 /* Pods-HealthyHarvest.debug.xcconfig */;
			buildSettings = {
				ASSETCATALOG_COMPILER_APPICON_NAME = AppIcon;
				INFOPLIST_FILE = HealthyHarvest/Info.plist;
				LD_RUNPATH_SEARCH_PATHS = "$(inherited) @executable_path/Frameworks";
				PRODUCT_BUNDLE_IDENTIFIER = com.emilychin.HealthyHarvest;
				PRODUCT_NAME = "$(TARGET_NAME)";
				SWIFT_VERSION = 3.0;
			};
			name = Debug;
		};
		A16BFC062003D744004317C5 /* Release */ = {
			isa = XCBuildConfiguration;
			baseConfigurationReference = 37491D21151E13A58E42A0CD /* Pods-HealthyHarvest.release.xcconfig */;
			buildSettings = {
				ASSETCATALOG_COMPILER_APPICON_NAME = AppIcon;
				INFOPLIST_FILE = HealthyHarvest/Info.plist;
				LD_RUNPATH_SEARCH_PATHS = "$(inherited) @executable_path/Frameworks";
				PRODUCT_BUNDLE_IDENTIFIER = com.emilychin.HealthyHarvest;
				PRODUCT_NAME = "$(TARGET_NAME)";
				SWIFT_VERSION = 3.0;
			};
			name = Release;
		};
/* End XCBuildConfiguration section */

/* Begin XCConfigurationList section */
		A16BFBEA2003D743004317C5 /* Build configuration list for PBXProject "HealthyHarvest" */ = {
			isa = XCConfigurationList;
			buildConfigurations = (
				A16BFC022003D744004317C5 /* Debug */,
				A16BFC032003D744004317C5 /* Release */,
			);
			defaultConfigurationIsVisible = 0;
			defaultConfigurationName = Release;
		};
		A16BFC042003D744004317C5 /* Build configuration list for PBXNativeTarget "HealthyHarvest" */ = {
			isa = XCConfigurationList;
			buildConfigurations = (
				A16BFC052003D744004317C5 /* Debug */,
				A16BFC062003D744004317C5 /* Release */,
			);
			defaultConfigurationIsVisible = 0;
			defaultConfigurationName = Release;
		};
/* End XCConfigurationList section */

/* Begin XCVersionGroup section */
		A16BFBF92003D744004317C5 /* HealthyHarvest.xcdatamodeld */ = {
			isa = XCVersionGroup;
			children = (
				A16BFBFA2003D744004317C5 /* HealthyHarvest.xcdatamodel */,
			);
			currentVersion = A16BFBFA2003D744004317C5 /* HealthyHarvest.xcdatamodel */;
			path = HealthyHarvest.xcdatamodeld;
			sourceTree = "<group>";
			versionGroupType = wrapper.xcdatamodel;
		};
/* End XCVersionGroup section */
	};
	rootObject = A16BFBE72003D743004317C5 /* Project object */;
}
